// !$*UTF8*$!
{
	archiveVersion = 1;
	classes = {
	};
	objectVersion = 46;
	objects = {

/* Begin PBXBuildFile section */
		C4146ECE1CD5A6DB00DF83CB /* PlaySoundsViewController.swift in Sources */ = {isa = PBXBuildFile; fileRef = C4146ECD1CD5A6DB00DF83CB /* PlaySoundsViewController.swift */; };
		C4146ED01CD5BA6300DF83CB /* PlaySoundsViewController+Audio.swift in Sources */ = {isa = PBXBuildFile; fileRef = C4146ECF1CD5BA6300DF83CB /* PlaySoundsViewController+Audio.swift */; };
		C45473971CD32159007AC1FD /* AppDelegate.swift in Sources */ = {isa = PBXBuildFile; fileRef = C45473961CD32159007AC1FD /* AppDelegate.swift */; };
		C45473991CD32159007AC1FD /* RecordSoundsViewController.swift in Sources */ = {isa = PBXBuildFile; fileRef = C45473981CD32159007AC1FD /* RecordSoundsViewController.swift */; };
		C454739C1CD32159007AC1FD /* Main.storyboard in Resources */ = {isa = PBXBuildFile; fileRef = C454739A1CD32159007AC1FD /* Main.storyboard */; };
		C454739E1CD32159007AC1FD /* Assets.xcassets in Resources */ = {isa = PBXBuildFile; fileRef = C454739D1CD32159007AC1FD /* Assets.xcassets */; };
		C45473A11CD32159007AC1FD /* LaunchScreen.storyboard in Resources */ = {isa = PBXBuildFile; fileRef = C454739F1CD32159007AC1FD /* LaunchScreen.storyboard */; };
		C45473AC1CD32159007AC1FD /* PitchPerfectTests.swift in Sources */ = {isa = PBXBuildFile; fileRef = C45473AB1CD32159007AC1FD /* PitchPerfectTests.swift */; };
		C45473B71CD32159007AC1FD /* PitchPerfectUITests.swift in Sources */ = {isa = PBXBuildFile; fileRef = C45473B61CD32159007AC1FD /* PitchPerfectUITests.swift */; };
/* End PBXBuildFile section */

/* Begin PBXContainerItemProxy section */
		C45473A81CD32159007AC1FD /* PBXContainerItemProxy */ = {
			isa = PBXContainerItemProxy;
			containerPortal = C454738B1CD32158007AC1FD /* Project object */;
			proxyType = 1;
			remoteGlobalIDString = C45473921CD32158007AC1FD;
			remoteInfo = PitchPerfect;
		};
		C45473B31CD32159007AC1FD /* PBXContainerItemProxy */ = {
			isa = PBXContainerItemProxy;
			containerPortal = C454738B1CD32158007AC1FD /* Project object */;
			proxyType = 1;
			remoteGlobalIDString = C45473921CD32158007AC1FD;
			remoteInfo = PitchPerfect;
		};
/* End PBXContainerItemProxy section */

/* Begin PBXFileReference section */
		C4146ECD1CD5A6DB00DF83CB /* PlaySoundsViewController.swift */ = {isa = PBXFileReference; fileEncoding = 4; lastKnownFileType = sourcecode.swift; path = PlaySoundsViewController.swift; sourceTree = "<group>"; };
		C4146ECF1CD5BA6300DF83CB /* PlaySoundsViewController+Audio.swift */ = {isa = PBXFileReference; fileEncoding = 4; lastKnownFileType = sourcecode.swift; path = "PlaySoundsViewController+Audio.swift"; sourceTree = "<group>"; };
		C45473931CD32159007AC1FD /* PitchPerfect.app */ = {isa = PBXFileReference; explicitFileType = wrapper.application; includeInIndex = 0; path = PitchPerfect.app; sourceTree = BUILT_PRODUCTS_DIR; };
		C45473961CD32159007AC1FD /* AppDelegate.swift */ = {isa = PBXFileReference; lastKnownFileType = sourcecode.swift; path = AppDelegate.swift; sourceTree = "<group>"; };
		C45473981CD32159007AC1FD /* RecordSoundsViewController.swift */ = {isa = PBXFileReference; lastKnownFileType = sourcecode.swift; path = RecordSoundsViewController.swift; sourceTree = "<group>"; };
		C454739B1CD32159007AC1FD /* Base */ = {isa = PBXFileReference; lastKnownFileType = file.storyboard; name = Base; path = Base.lproj/Main.storyboard; sourceTree = "<group>"; };
		C454739D1CD32159007AC1FD /* Assets.xcassets */ = {isa = PBXFileReference; lastKnownFileType = folder.assetcatalog; path = Assets.xcassets; sourceTree = "<group>"; };
		C45473A01CD32159007AC1FD /* Base */ = {isa = PBXFileReference; lastKnownFileType = file.storyboard; name = Base; path = Base.lproj/LaunchScreen.storyboard; sourceTree = "<group>"; };
		C45473A21CD32159007AC1FD /* Info.plist */ = {isa = PBXFileReference; lastKnownFileType = text.plist.xml; path = Info.plist; sourceTree = "<group>"; };
		C45473A71CD32159007AC1FD /* PitchPerfectTests.xctest */ = {isa = PBXFileReference; explicitFileType = wrapper.cfbundle; includeInIndex = 0; path = PitchPerfectTests.xctest; sourceTree = BUILT_PRODUCTS_DIR; };
		C45473AB1CD32159007AC1FD /* PitchPerfectTests.swift */ = {isa = PBXFileReference; lastKnownFileType = sourcecode.swift; path = PitchPerfectTests.swift; sourceTree = "<group>"; };
		C45473AD1CD32159007AC1FD /* Info.plist */ = {isa = PBXFileReference; lastKnownFileType = text.plist.xml; path = Info.plist; sourceTree = "<group>"; };
		C45473B21CD32159007AC1FD /* PitchPerfectUITests.xctest */ = {isa = PBXFileReference; explicitFileType = wrapper.cfbundle; includeInIndex = 0; path = PitchPerfectUITests.xctest; sourceTree = BUILT_PRODUCTS_DIR; };
		C45473B61CD32159007AC1FD /* PitchPerfectUITests.swift */ = {isa = PBXFileReference; lastKnownFileType = sourcecode.swift; path = PitchPerfectUITests.swift; sourceTree = "<group>"; };
		C45473B81CD32159007AC1FD /* Info.plist */ = {isa = PBXFileReference; lastKnownFileType = text.plist.xml; path = Info.plist; sourceTree = "<group>"; };
/* End PBXFileReference section */

/* Begin PBXFrameworksBuildPhase section */
		C45473901CD32158007AC1FD /* Frameworks */ = {
			isa = PBXFrameworksBuildPhase;
			buildActionMask = 2147483647;
			files = (
			);
			runOnlyForDeploymentPostprocessing = 0;
		};
		C45473A41CD32159007AC1FD /* Frameworks */ = {
			isa = PBXFrameworksBuildPhase;
			buildActionMask = 2147483647;
			files = (
			);
			runOnlyForDeploymentPostprocessing = 0;
		};
		C45473AF1CD32159007AC1FD /* Frameworks */ = {
			isa = PBXFrameworksBuildPhase;
			buildActionMask = 2147483647;
			files = (
			);
			runOnlyForDeploymentPostprocessing = 0;
		};
/* End PBXFrameworksBuildPhase section */

/* Begin PBXGroup section */
		C454738A1CD32158007AC1FD = {
			isa = PBXGroup;
			children = (
				C45473951CD32159007AC1FD /* PitchPerfect */,
				C45473AA1CD32159007AC1FD /* PitchPerfectTests */,
				C45473B51CD32159007AC1FD /* PitchPerfectUITests */,
				C45473941CD32159007AC1FD /* Products */,
			);
			sourceTree = "<group>";
		};
		C45473941CD32159007AC1FD /* Products */ = {
			isa = PBXGroup;
			children = (
				C45473931CD32159007AC1FD /* PitchPerfect.app */,
				C45473A71CD32159007AC1FD /* PitchPerfectTests.xctest */,
				C45473B21CD32159007AC1FD /* PitchPerfectUITests.xctest */,
			);
			name = Products;
			sourceTree = "<group>";
		};
		C45473951CD32159007AC1FD /* PitchPerfect */ = {
			isa = PBXGroup;
			children = (
				C45473961CD32159007AC1FD /* AppDelegate.swift */,
				C45473981CD32159007AC1FD /* RecordSoundsViewController.swift */,
				C4146ECD1CD5A6DB00DF83CB /* PlaySoundsViewController.swift */,
				C4146ECF1CD5BA6300DF83CB /* PlaySoundsViewController+Audio.swift */,
				C454739A1CD32159007AC1FD /* Main.storyboard */,
				C454739D1CD32159007AC1FD /* Assets.xcassets */,
				C454739F1CD32159007AC1FD /* LaunchScreen.storyboard */,
				C45473A21CD32159007AC1FD /* Info.plist */,
			);
			path = PitchPerfect;
			sourceTree = "<group>";
		};
		C45473AA1CD32159007AC1FD /* PitchPerfectTests */ = {
			isa = PBXGroup;
			children = (
				C45473AB1CD32159007AC1FD /* PitchPerfectTests.swift */,
				C45473AD1CD32159007AC1FD /* Info.plist */,
			);
			path = PitchPerfectTests;
			sourceTree = "<group>";
		};
		C45473B51CD32159007AC1FD /* PitchPerfectUITests */ = {
			isa = PBXGroup;
			children = (
				C45473B61CD32159007AC1FD /* PitchPerfectUITests.swift */,
				C45473B81CD32159007AC1FD /* Info.plist */,
			);
			path = PitchPerfectUITests;
			sourceTree = "<group>";
		};
/* End PBXGroup section */

/* Begin PBXNativeTarget section */
		C45473921CD32158007AC1FD /* PitchPerfect */ = {
			isa = PBXNativeTarget;
			buildConfigurationList = C45473BB1CD32159007AC1FD /* Build configuration list for PBXNativeTarget "PitchPerfect" */;
			buildPhases = (
				C454738F1CD32158007AC1FD /* Sources */,
				C45473901CD32158007AC1FD /* Frameworks */,
				C45473911CD32158007AC1FD /* Resources */,
			);
			buildRules = (
			);
			dependencies = (
			);
			name = PitchPerfect;
			productName = PitchPerfect;
			productReference = C45473931CD32159007AC1FD /* PitchPerfect.app */;
			productType = "com.apple.product-type.application";
		};
		C45473A61CD32159007AC1FD /* PitchPerfectTests */ = {
			isa = PBXNativeTarget;
			buildConfigurationList = C45473BE1CD32159007AC1FD /* Build configuration list for PBXNativeTarget "PitchPerfectTests" */;
			buildPhases = (
				C45473A31CD32159007AC1FD /* Sources */,
				C45473A41CD32159007AC1FD /* Frameworks */,
				C45473A51CD32159007AC1FD /* Resources */,
			);
			buildRules = (
			);
			dependencies = (
				C45473A91CD32159007AC1FD /* PBXTargetDependency */,
			);
			name = PitchPerfectTests;
			productName = PitchPerfectTests;
			productReference = C45473A71CD32159007AC1FD /* PitchPerfectTests.xctest */;
			productType = "com.apple.product-type.bundle.unit-test";
		};
		C45473B11CD32159007AC1FD /* PitchPerfectUITests */ = {
			isa = PBXNativeTarget;
			buildConfigurationList = C45473C11CD32159007AC1FD /* Build configuration list for PBXNativeTarget "PitchPerfectUITests" */;
			buildPhases = (
				C45473AE1CD32159007AC1FD /* Sources */,
				C45473AF1CD32159007AC1FD /* Frameworks */,
				C45473B01CD32159007AC1FD /* Resources */,
			);
			buildRules = (
			);
			dependencies = (
				C45473B41CD32159007AC1FD /* PBXTargetDependency */,
			);
			name = PitchPerfectUITests;
			productName = PitchPerfectUITests;
			productReference = C45473B21CD32159007AC1FD /* PitchPerfectUITests.xctest */;
			productType = "com.apple.product-type.bundle.ui-testing";
		};
/* End PBXNativeTarget section */

/* Begin PBXProject section */
		C454738B1CD32158007AC1FD /* Project object */ = {
			isa = PBXProject;
			attributes = {
				LastSwiftUpdateCheck = 0730;
				LastUpgradeCheck = 0730;
				ORGANIZATIONNAME = "Steve Henderson";
				TargetAttributes = {
					C45473921CD32158007AC1FD = {
						CreatedOnToolsVersion = 7.3;
						DevelopmentTeam = SKFNBC7ABQ;
					};
					C45473A61CD32159007AC1FD = {
						CreatedOnToolsVersion = 7.3;
						TestTargetID = C45473921CD32158007AC1FD;
					};
					C45473B11CD32159007AC1FD = {
						CreatedOnToolsVersion = 7.3;
						TestTargetID = C45473921CD32158007AC1FD;
					};
				};
			};
			buildConfigurationList = C454738E1CD32158007AC1FD /* Build configuration list for PBXProject "PitchPerfect" */;
			compatibilityVersion = "Xcode 3.2";
			developmentRegion = English;
			hasScannedForEncodings = 0;
			knownRegions = (
				en,
				Base,
			);
			mainGroup = C454738A1CD32158007AC1FD;
			productRefGroup = C45473941CD32159007AC1FD /* Products */;
			projectDirPath = "";
			projectRoot = "";
			targets = (
				C45473921CD32158007AC1FD /* PitchPerfect */,
				C45473A61CD32159007AC1FD /* PitchPerfectTests */,
				C45473B11CD32159007AC1FD /* PitchPerfectUITests */,
			);
		};
/* End PBXProject section */

/* Begin PBXResourcesBuildPhase section */
		C45473911CD32158007AC1FD /* Resources */ = {
			isa = PBXResourcesBuildPhase;
			buildActionMask = 2147483647;
			files = (
				C45473A11CD32159007AC1FD /* LaunchScreen.storyboard in Resources */,
				C454739E1CD32159007AC1FD /* Assets.xcassets in Resources */,
				C454739C1CD32159007AC1FD /* Main.storyboard in Resources */,
			);
			runOnlyForDeploymentPostprocessing = 0;
		};
		C45473A51CD32159007AC1FD /* Resources */ = {
			isa = PBXResourcesBuildPhase;
			buildActionMask = 2147483647;
			files = (
			);
			runOnlyForDeploymentPostprocessing = 0;
		};
		C45473B01CD32159007AC1FD /* Resources */ = {
			isa = PBXResourcesBuildPhase;
			buildActionMask = 2147483647;
			files = (
			);
			runOnlyForDeploymentPostprocessing = 0;
		};
/* End PBXResourcesBuildPhase section */

/* Begin PBXSourcesBuildPhase section */
		C454738F1CD32158007AC1FD /* Sources */ = {
			isa = PBXSourcesBuildPhase;
			buildActionMask = 2147483647;
			files = (
				C45473991CD32159007AC1FD /* RecordSoundsViewController.swift in Sources */,
				C4146ED01CD5BA6300DF83CB /* PlaySoundsViewController+Audio.swift in Sources */,
				C4146ECE1CD5A6DB00DF83CB /* PlaySoundsViewController.swift in Sources */,
				C45473971CD32159007AC1FD /* AppDelegate.swift in Sources */,
			);
			runOnlyForDeploymentPostprocessing = 0;
		};
		C45473A31CD32159007AC1FD /* Sources */ = {
			isa = PBXSourcesBuildPhase;
			buildActionMask = 2147483647;
			files = (
				C45473AC1CD32159007AC1FD /* PitchPerfectTests.swift in Sources */,
			);
			runOnlyForDeploymentPostprocessing = 0;
		};
		C45473AE1CD32159007AC1FD /* Sources */ = {
			isa = PBXSourcesBuildPhase;
			buildActionMask = 2147483647;
			files = (
				C45473B71CD32159007AC1FD /* PitchPerfectUITests.swift in Sources */,
			);
			runOnlyForDeploymentPostprocessing = 0;
		};
/* End PBXSourcesBuildPhase section */

/* Begin PBXTargetDependency section */
		C45473A91CD32159007AC1FD /* PBXTargetDependency */ = {
			isa = PBXTargetDependency;
			target = C45473921CD32158007AC1FD /* PitchPerfect */;
			targetProxy = C45473A81CD32159007AC1FD /* PBXContainerItemProxy */;
		};
		C45473B41CD32159007AC1FD /* PBXTargetDependency */ = {
			isa = PBXTargetDependency;
			target = C45473921CD32158007AC1FD /* PitchPerfect */;
			targetProxy = C45473B31CD32159007AC1FD /* PBXContainerItemProxy */;
		};
/* End PBXTargetDependency section */

/* Begin PBXVariantGroup section */
		C454739A1CD32159007AC1FD /* Main.storyboard */ = {
			isa = PBXVariantGroup;
			children = (
				C454739B1CD32159007AC1FD /* Base */,
			);
			name = Main.storyboard;
			sourceTree = "<group>";
		};
		C454739F1CD32159007AC1FD /* LaunchScreen.storyboard */ = {
			isa = PBXVariantGroup;
			children = (
				C45473A01CD32159007AC1FD /* Base */,
			);
			name = LaunchScreen.storyboard;
			sourceTree = "<group>";
		};
/* End PBXVariantGroup section */

/* Begin XCBuildConfiguration section */
		C45473B91CD32159007AC1FD /* Debug */ = {
			isa = XCBuildConfiguration;
			buildSettings = {
				ALWAYS_SEARCH_USER_PATHS = NO;
				CLANG_ANALYZER_NONNULL = YES;
				CLANG_CXX_LANGUAGE_STANDARD = "gnu++0x";
				CLANG_CXX_LIBRARY = "libc++";
				CLANG_ENABLE_MODULES = YES;
				CLANG_ENABLE_OBJC_ARC = YES;
				CLANG_WARN_BOOL_CONVERSION = YES;
				CLANG_WARN_CONSTANT_CONVERSION = YES;
				CLANG_WARN_DIRECT_OBJC_ISA_USAGE = YES_ERROR;
				CLANG_WARN_EMPTY_BODY = YES;
				CLANG_WARN_ENUM_CONVERSION = YES;
				CLANG_WARN_INT_CONVERSION = YES;
				CLANG_WARN_OBJC_ROOT_CLASS = YES_ERROR;
				CLANG_WARN_UNREACHABLE_CODE = YES;
				CLANG_WARN__DUPLICATE_METHOD_MATCH = YES;
				"CODE_SIGN_IDENTITY[sdk=iphoneos*]" = "iPhone Developer";
				COPY_PHASE_STRIP = NO;
				DEBUG_INFORMATION_FORMAT = dwarf;
				ENABLE_STRICT_OBJC_MSGSEND = YES;
				ENABLE_TESTABILITY = YES;
				GCC_C_LANGUAGE_STANDARD = gnu99;
				GCC_DYNAMIC_NO_PIC = NO;
				GCC_NO_COMMON_BLOCKS = YES;
				GCC_OPTIMIZATION_LEVEL = 0;
				GCC_PREPROCESSOR_DEFINITIONS = (
					"DEBUG=1",
					"$(inherited)",
				);
				GCC_WARN_64_TO_32_BIT_CONVERSION = YES;
				GCC_WARN_ABOUT_RETURN_TYPE = YES_ERROR;
				GCC_WARN_UNDECLARED_SELECTOR = YES;
				GCC_WARN_UNINITIALIZED_AUTOS = YES_AGGRESSIVE;
				GCC_WARN_UNUSED_FUNCTION = YES;
				GCC_WARN_UNUSED_VARIABLE = YES;
				IPHONEOS_DEPLOYMENT_TARGET = 9.3;
				MTL_ENABLE_DEBUG_INFO = YES;
				ONLY_ACTIVE_ARCH = YES;
				SDKROOT = iphoneos;
				SWIFT_OPTIMIZATION_LEVEL = "-Onone";
				TARGETED_DEVICE_FAMILY = "1,2";
			};
			name = Debug;
		};
		C45473BA1CD32159007AC1FD /* Release */ = {
			isa = XCBuildConfiguration;
			buildSettings = {
				ALWAYS_SEARCH_USER_PATHS = NO;
				CLANG_ANALYZER_NONNULL = YES;
				CLANG_CXX_LANGUAGE_STANDARD = "gnu++0x";
				CLANG_CXX_LIBRARY = "libc++";
				CLANG_ENABLE_MODULES = YES;
				CLANG_ENABLE_OBJC_ARC = YES;
				CLANG_WARN_BOOL_CONVERSION = YES;
				CLANG_WARN_CONSTANT_CONVERSION = YES;
				CLANG_WARN_DIRECT_OBJC_ISA_USAGE = YES_ERROR;
				CLANG_WARN_EMPTY_BODY = YES;
				CLANG_WARN_ENUM_CONVERSION = YES;
				CLANG_WARN_INT_CONVERSION = YES;
				CLANG_WARN_OBJC_ROOT_CLASS = YES_ERROR;
				CLANG_WARN_UNREACHABLE_CODE = YES;
				CLANG_WARN__DUPLICATE_METHOD_MATCH = YES;
				"CODE_SIGN_IDENTITY[sdk=iphoneos*]" = "iPhone Developer";
				COPY_PHASE_STRIP = NO;
				DEBUG_INFORMATION_FORMAT = "dwarf-with-dsym";
				ENABLE_NS_ASSERTIONS = NO;
				ENABLE_STRICT_OBJC_MSGSEND = YES;
				GCC_C_LANGUAGE_STANDARD = gnu99;
				GCC_NO_COMMON_BLOCKS = YES;
				GCC_WARN_64_TO_32_BIT_CONVERSION = YES;
				GCC_WARN_ABOUT_RETURN_TYPE = YES_ERROR;
				GCC_WARN_UNDECLARED_SELECTOR = YES;
				GCC_WARN_UNINITIALIZED_AUTOS = YES_AGGRESSIVE;
				GCC_WARN_UNUSED_FUNCTION = YES;
				GCC_WARN_UNUSED_VARIABLE = YES;
				IPHONEOS_DEPLOYMENT_TARGET = 9.3;
				MTL_ENABLE_DEBUG_INFO = NO;
				SDKROOT = iphoneos;
				TARGETED_DEVICE_FAMILY = "1,2";
				VALIDATE_PRODUCT = YES;
			};
			name = Release;
		};
		C45473BC1CD32159007AC1FD /* Debug */ = {
			isa = XCBuildConfiguration;
			buildSettings = {
				ASSETCATALOG_COMPILER_APPICON_NAME = AppIcon;
				ASSETCATALOG_COMPILER_LAUNCHIMAGE_NAME = "Brand Assets";
				CODE_SIGN_IDENTITY = "iPhone Developer";
				INFOPLIST_FILE = PitchPerfect/Info.plist;
				LD_RUNPATH_SEARCH_PATHS = "$(inherited) @executable_path/Frameworks";
				PRODUCT_BUNDLE_IDENTIFIER = com.hevets.PitchPerfect;
				PRODUCT_NAME = "$(TARGET_NAME)";
			};
			name = Debug;
		};
		C45473BD1CD32159007AC1FD /* Release */ = {
			isa = XCBuildConfiguration;
			buildSettings = {
				ASSETCATALOG_COMPILER_APPICON_NAME = AppIcon;
				ASSETCATALOG_COMPILER_LAUNCHIMAGE_NAME = "Brand Assets";
				CODE_SIGN_IDENTITY = "iPhone Developer";
				INFOPLIST_FILE = PitchPerfect/Info.plist;
				LD_RUNPATH_SEARCH_PATHS = "$(inherited) @executable_path/Frameworks";
				PRODUCT_BUNDLE_IDENTIFIER = com.hevets.PitchPerfect;
				PRODUCT_NAME = "$(TARGET_NAME)";
			};
			name = Release;
		};
		C45473BF1CD32159007AC1FD /* Debug */ = {
			isa = XCBuildConfiguration;
			buildSettings = {
				BUNDLE_LOADER = "$(TEST_HOST)";
				INFOPLIST_FILE = PitchPerfectTests/Info.plist;
				LD_RUNPATH_SEARCH_PATHS = "$(inherited) @executable_path/Frameworks @loader_path/Frameworks";
				PRODUCT_BUNDLE_IDENTIFIER = com.hevets.PitchPerfectTests;
				PRODUCT_NAME = "$(TARGET_NAME)";
				TEST_HOST = "$(BUILT_PRODUCTS_DIR)/PitchPerfect.app/PitchPerfect";
			};
			name = Debug;
		};
		C45473C01CD32159007AC1FD /* Release */ = {
			isa = XCBuildConfiguration;
			buildSettings = {
				BUNDLE_LOADER = "$(TEST_HOST)";
				INFOPLIST_FILE = PitchPerfectTests/Info.plist;
				LD_RUNPATH_SEARCH_PATHS = "$(inherited) @executable_path/Frameworks @loader_path/Frameworks";
				PRODUCT_BUNDLE_IDENTIFIER = com.hevets.PitchPerfectTests;
				PRODUCT_NAME = "$(TARGET_NAME)";
				TEST_HOST = "$(BUILT_PRODUCTS_DIR)/PitchPerfect.app/PitchPerfect";
			};
			name = Release;
		};
		C45473C21CD32159007AC1FD /* Debug */ = {
			isa = XCBuildConfiguration;
			buildSettings = {
				INFOPLIST_FILE = PitchPerfectUITests/Info.plist;
				LD_RUNPATH_SEARCH_PATHS = "$(inherited) @executable_path/Frameworks @loader_path/Frameworks";
				PRODUCT_BUNDLE_IDENTIFIER = com.hevets.PitchPerfectUITests;
				PRODUCT_NAME = "$(TARGET_NAME)";
				TEST_TARGET_NAME = PitchPerfect;
			};
			name = Debug;
		};
		C45473C31CD32159007AC1FD /* Release */ = {
			isa = XCBuildConfiguration;
			buildSettings = {
				INFOPLIST_FILE = PitchPerfectUITests/Info.plist;
				LD_RUNPATH_SEARCH_PATHS = "$(inherited) @executable_path/Frameworks @loader_path/Frameworks";
				PRODUCT_BUNDLE_IDENTIFIER = com.hevets.PitchPerfectUITests;
				PRODUCT_NAME = "$(TARGET_NAME)";
				TEST_TARGET_NAME = PitchPerfect;
			};
			name = Release;
		};
/* End XCBuildConfiguration section */

/* Begin XCConfigurationList section */
		C454738E1CD32158007AC1FD /* Build configuration list for PBXProject "PitchPerfect" */ = {
			isa = XCConfigurationList;
			buildConfigurations = (
				C45473B91CD32159007AC1FD /* Debug */,
				C45473BA1CD32159007AC1FD /* Release */,
			);
			defaultConfigurationIsVisible = 0;
			defaultConfigurationName = Release;
		};
		C45473BB1CD32159007AC1FD /* Build configuration list for PBXNativeTarget "PitchPerfect" */ = {
			isa = XCConfigurationList;
			buildConfigurations = (
				C45473BC1CD32159007AC1FD /* Debug */,
				C45473BD1CD32159007AC1FD /* Release */,
			);
			defaultConfigurationIsVisible = 0;
			defaultConfigurationName = Release;
		};
		C45473BE1CD32159007AC1FD /* Build configuration list for PBXNativeTarget "PitchPerfectTests" */ = {
			isa = XCConfigurationList;
			buildConfigurations = (
				C45473BF1CD32159007AC1FD /* Debug */,
				C45473C01CD32159007AC1FD /* Release */,
			);
			defaultConfigurationIsVisible = 0;
			defaultConfigurationName = Release;
		};
		C45473C11CD32159007AC1FD /* Build configuration list for PBXNativeTarget "PitchPerfectUITests" */ = {
			isa = XCConfigurationList;
			buildConfigurations = (
				C45473C21CD32159007AC1FD /* Debug */,
				C45473C31CD32159007AC1FD /* Release */,
			);
			defaultConfigurationIsVisible = 0;
			defaultConfigurationName = Release;
		};
/* End XCConfigurationList section */
	};
	rootObject = C454738B1CD32158007AC1FD /* Project object */;
}
